// !$*UTF8*$!
{
	archiveVersion = 1;
	classes = {
	};
	objectVersion = 50;
	objects = {

/* Begin PBXBuildFile section */
		0C20F83425CEE31C00BC7CEF /* RELEASE.md in Resources */ = {isa = PBXBuildFile; fileRef = 0C20F83325CEE31C00BC7CEF /* RELEASE.md */; };
		0C20F84425CEE35800BC7CEF /* PINOperationQueue.m in Sources */ = {isa = PBXBuildFile; fileRef = 0C20F83F25CEE35800BC7CEF /* PINOperationQueue.m */; };
		0C20F84525CEE35800BC7CEF /* PINOperationGroup.m in Sources */ = {isa = PBXBuildFile; fileRef = 0C20F84125CEE35800BC7CEF /* PINOperationGroup.m */; };
		E0E7C64325CA9A09008079C1 /* AppDelegate.swift in Sources */ = {isa = PBXBuildFile; fileRef = E0E7C64225CA9A09008079C1 /* AppDelegate.swift */; };
		E0E7C64525CA9A09008079C1 /* SceneDelegate.swift in Sources */ = {isa = PBXBuildFile; fileRef = E0E7C64425CA9A09008079C1 /* SceneDelegate.swift */; };
		E0E7C64725CA9A09008079C1 /* ViewController.swift in Sources */ = {isa = PBXBuildFile; fileRef = E0E7C64625CA9A09008079C1 /* ViewController.swift */; };
		E0E7C64A25CA9A09008079C1 /* Main.storyboard in Resources */ = {isa = PBXBuildFile; fileRef = E0E7C64825CA9A09008079C1 /* Main.storyboard */; };
		E0E7C64C25CA9A0B008079C1 /* Assets.xcassets in Resources */ = {isa = PBXBuildFile; fileRef = E0E7C64B25CA9A0B008079C1 /* Assets.xcassets */; };
		E0E7C64F25CA9A0B008079C1 /* LaunchScreen.storyboard in Resources */ = {isa = PBXBuildFile; fileRef = E0E7C64D25CA9A0B008079C1 /* LaunchScreen.storyboard */; };
		E0E7C65A25CA9A0B008079C1 /* MMCacheExampleTests.swift in Sources */ = {isa = PBXBuildFile; fileRef = E0E7C65925CA9A0B008079C1 /* MMCacheExampleTests.swift */; };
		E0E7C66525CA9A0B008079C1 /* MMCacheExampleUITests.swift in Sources */ = {isa = PBXBuildFile; fileRef = E0E7C66425CA9A0B008079C1 /* MMCacheExampleUITests.swift */; };
		E0E7C67A25CA9A29008079C1 /* MMDiskCache.swift in Sources */ = {isa = PBXBuildFile; fileRef = E0E7C67925CA9A29008079C1 /* MMDiskCache.swift */; };
		E0E7C68225CA9A83008079C1 /* MMMemoryCache.swift in Sources */ = {isa = PBXBuildFile; fileRef = E0E7C68125CA9A83008079C1 /* MMMemoryCache.swift */; };
		E0E7C90C25CE6D5F008079C1 /* Protected.swift in Sources */ = {isa = PBXBuildFile; fileRef = E0E7C90B25CE6D5F008079C1 /* Protected.swift */; };
		E0E7C94125CE8A88008079C1 /* RunWrapper.swift in Sources */ = {isa = PBXBuildFile; fileRef = E0E7C94025CE8A88008079C1 /* RunWrapper.swift */; };
		E0E7C94625CE8B8E008079C1 /* Person.swift in Sources */ = {isa = PBXBuildFile; fileRef = E0E7C94525CE8B8E008079C1 /* Person.swift */; };
		E0E7C95525CEA1FE008079C1 /* PINCache.m in Sources */ = {isa = PBXBuildFile; fileRef = E0E7C94C25CEA1FE008079C1 /* PINCache.m */; };
		E0E7C95625CEA1FE008079C1 /* PINMemoryCache.m in Sources */ = {isa = PBXBuildFile; fileRef = E0E7C94F25CEA1FE008079C1 /* PINMemoryCache.m */; };
		E0E7C95725CEA1FE008079C1 /* PINDiskCache.m in Sources */ = {isa = PBXBuildFile; fileRef = E0E7C95225CEA1FE008079C1 /* PINDiskCache.m */; };
		E0E7C97825CEA273008079C1 /* MeMoryCacheTest.swift in Sources */ = {isa = PBXBuildFile; fileRef = E0E7C97725CEA273008079C1 /* MeMoryCacheTest.swift */; };
/* End PBXBuildFile section */

/* Begin PBXContainerItemProxy section */
		E0E7C65625CA9A0B008079C1 /* PBXContainerItemProxy */ = {
			isa = PBXContainerItemProxy;
			containerPortal = E0E7C63725CA9A09008079C1 /* Project object */;
			proxyType = 1;
			remoteGlobalIDString = E0E7C63E25CA9A09008079C1;
			remoteInfo = MMCacheExample;
		};
		E0E7C66125CA9A0B008079C1 /* PBXContainerItemProxy */ = {
			isa = PBXContainerItemProxy;
			containerPortal = E0E7C63725CA9A09008079C1 /* Project object */;
			proxyType = 1;
			remoteGlobalIDString = E0E7C63E25CA9A09008079C1;
			remoteInfo = MMCacheExample;
		};
/* End PBXContainerItemProxy section */

/* Begin PBXFileReference section */
		0C20F83325CEE31C00BC7CEF /* RELEASE.md */ = {isa = PBXFileReference; fileEncoding = 4; lastKnownFileType = net.daringfireball.markdown; path = RELEASE.md; sourceTree = "<group>"; };
		0C20F83C25CEE35800BC7CEF /* PINOperationQueue.h */ = {isa = PBXFileReference; fileEncoding = 4; lastKnownFileType = sourcecode.c.h; path = PINOperationQueue.h; sourceTree = "<group>"; };
		0C20F83D25CEE35800BC7CEF /* PINOperation.h */ = {isa = PBXFileReference; fileEncoding = 4; lastKnownFileType = sourcecode.c.h; path = PINOperation.h; sourceTree = "<group>"; };
		0C20F83E25CEE35800BC7CEF /* PINOperationGroup.h */ = {isa = PBXFileReference; fileEncoding = 4; lastKnownFileType = sourcecode.c.h; path = PINOperationGroup.h; sourceTree = "<group>"; };
		0C20F83F25CEE35800BC7CEF /* PINOperationQueue.m */ = {isa = PBXFileReference; fileEncoding = 4; lastKnownFileType = sourcecode.c.objc; path = PINOperationQueue.m; sourceTree = "<group>"; };
		0C20F84025CEE35800BC7CEF /* PINOperationMacros.h */ = {isa = PBXFileReference; fileEncoding = 4; lastKnownFileType = sourcecode.c.h; path = PINOperationMacros.h; sourceTree = "<group>"; };
		0C20F84125CEE35800BC7CEF /* PINOperationGroup.m */ = {isa = PBXFileReference; fileEncoding = 4; lastKnownFileType = sourcecode.c.objc; path = PINOperationGroup.m; sourceTree = "<group>"; };
		0C20F84325CEE35800BC7CEF /* PINOperationTypes.h */ = {isa = PBXFileReference; fileEncoding = 4; lastKnownFileType = sourcecode.c.h; path = PINOperationTypes.h; sourceTree = "<group>"; };
		E0E7C63F25CA9A09008079C1 /* MMCacheExample.app */ = {isa = PBXFileReference; explicitFileType = wrapper.application; includeInIndex = 0; path = MMCacheExample.app; sourceTree = BUILT_PRODUCTS_DIR; };
		E0E7C64225CA9A09008079C1 /* AppDelegate.swift */ = {isa = PBXFileReference; lastKnownFileType = sourcecode.swift; path = AppDelegate.swift; sourceTree = "<group>"; };
		E0E7C64425CA9A09008079C1 /* SceneDelegate.swift */ = {isa = PBXFileReference; lastKnownFileType = sourcecode.swift; path = SceneDelegate.swift; sourceTree = "<group>"; };
		E0E7C64625CA9A09008079C1 /* ViewController.swift */ = {isa = PBXFileReference; lastKnownFileType = sourcecode.swift; path = ViewController.swift; sourceTree = "<group>"; };
		E0E7C64925CA9A09008079C1 /* Base */ = {isa = PBXFileReference; lastKnownFileType = file.storyboard; name = Base; path = Base.lproj/Main.storyboard; sourceTree = "<group>"; };
		E0E7C64B25CA9A0B008079C1 /* Assets.xcassets */ = {isa = PBXFileReference; lastKnownFileType = folder.assetcatalog; path = Assets.xcassets; sourceTree = "<group>"; };
		E0E7C64E25CA9A0B008079C1 /* Base */ = {isa = PBXFileReference; lastKnownFileType = file.storyboard; name = Base; path = Base.lproj/LaunchScreen.storyboard; sourceTree = "<group>"; };
		E0E7C65025CA9A0B008079C1 /* Info.plist */ = {isa = PBXFileReference; lastKnownFileType = text.plist.xml; path = Info.plist; sourceTree = "<group>"; };
		E0E7C65525CA9A0B008079C1 /* MMCacheExampleTests.xctest */ = {isa = PBXFileReference; explicitFileType = wrapper.cfbundle; includeInIndex = 0; path = MMCacheExampleTests.xctest; sourceTree = BUILT_PRODUCTS_DIR; };
		E0E7C65925CA9A0B008079C1 /* MMCacheExampleTests.swift */ = {isa = PBXFileReference; lastKnownFileType = sourcecode.swift; path = MMCacheExampleTests.swift; sourceTree = "<group>"; };
		E0E7C65B25CA9A0B008079C1 /* Info.plist */ = {isa = PBXFileReference; lastKnownFileType = text.plist.xml; path = Info.plist; sourceTree = "<group>"; };
		E0E7C66025CA9A0B008079C1 /* MMCacheExampleUITests.xctest */ = {isa = PBXFileReference; explicitFileType = wrapper.cfbundle; includeInIndex = 0; path = MMCacheExampleUITests.xctest; sourceTree = BUILT_PRODUCTS_DIR; };
		E0E7C66425CA9A0B008079C1 /* MMCacheExampleUITests.swift */ = {isa = PBXFileReference; lastKnownFileType = sourcecode.swift; path = MMCacheExampleUITests.swift; sourceTree = "<group>"; };
		E0E7C66625CA9A0B008079C1 /* Info.plist */ = {isa = PBXFileReference; lastKnownFileType = text.plist.xml; path = Info.plist; sourceTree = "<group>"; };
		E0E7C67925CA9A29008079C1 /* MMDiskCache.swift */ = {isa = PBXFileReference; lastKnownFileType = sourcecode.swift; path = MMDiskCache.swift; sourceTree = "<group>"; };
		E0E7C68125CA9A83008079C1 /* MMMemoryCache.swift */ = {isa = PBXFileReference; lastKnownFileType = sourcecode.swift; path = MMMemoryCache.swift; sourceTree = "<group>"; };
		E0E7C90B25CE6D5F008079C1 /* Protected.swift */ = {isa = PBXFileReference; fileEncoding = 4; lastKnownFileType = sourcecode.swift; path = Protected.swift; sourceTree = "<group>"; };
		E0E7C94025CE8A88008079C1 /* RunWrapper.swift */ = {isa = PBXFileReference; lastKnownFileType = sourcecode.swift; path = RunWrapper.swift; sourceTree = "<group>"; };
		E0E7C94525CE8B8E008079C1 /* Person.swift */ = {isa = PBXFileReference; lastKnownFileType = sourcecode.swift; path = Person.swift; sourceTree = "<group>"; };
		E0E7C94B25CEA1FE008079C1 /* PINDiskCache.h */ = {isa = PBXFileReference; fileEncoding = 4; lastKnownFileType = sourcecode.c.h; path = PINDiskCache.h; sourceTree = "<group>"; };
		E0E7C94C25CEA1FE008079C1 /* PINCache.m */ = {isa = PBXFileReference; fileEncoding = 4; lastKnownFileType = sourcecode.c.objc; path = PINCache.m; sourceTree = "<group>"; };
		E0E7C94D25CEA1FE008079C1 /* PINCacheObjectSubscripting.h */ = {isa = PBXFileReference; fileEncoding = 4; lastKnownFileType = sourcecode.c.h; path = PINCacheObjectSubscripting.h; sourceTree = "<group>"; };
		E0E7C94E25CEA1FE008079C1 /* PINCaching.h */ = {isa = PBXFileReference; fileEncoding = 4; lastKnownFileType = sourcecode.c.h; path = PINCaching.h; sourceTree = "<group>"; };
		E0E7C94F25CEA1FE008079C1 /* PINMemoryCache.m */ = {isa = PBXFileReference; fileEncoding = 4; lastKnownFileType = sourcecode.c.objc; path = PINMemoryCache.m; sourceTree = "<group>"; };
		E0E7C95025CEA1FE008079C1 /* PINCacheMacros.h */ = {isa = PBXFileReference; fileEncoding = 4; lastKnownFileType = sourcecode.c.h; path = PINCacheMacros.h; sourceTree = "<group>"; };
		E0E7C95125CEA1FE008079C1 /* PINCache.h */ = {isa = PBXFileReference; fileEncoding = 4; lastKnownFileType = sourcecode.c.h; path = PINCache.h; sourceTree = "<group>"; };
		E0E7C95225CEA1FE008079C1 /* PINDiskCache.m */ = {isa = PBXFileReference; fileEncoding = 4; lastKnownFileType = sourcecode.c.objc; path = PINDiskCache.m; sourceTree = "<group>"; };
		E0E7C95425CEA1FE008079C1 /* PINMemoryCache.h */ = {isa = PBXFileReference; fileEncoding = 4; lastKnownFileType = sourcecode.c.h; path = PINMemoryCache.h; sourceTree = "<group>"; };
		E0E7C97725CEA273008079C1 /* MeMoryCacheTest.swift */ = {isa = PBXFileReference; lastKnownFileType = sourcecode.swift; path = MeMoryCacheTest.swift; sourceTree = "<group>"; };
		E0E7C98725CEA3D3008079C1 /* MMCacheExample-Bridging-Header.h */ = {isa = PBXFileReference; lastKnownFileType = sourcecode.c.h; path = "MMCacheExample-Bridging-Header.h"; sourceTree = "<group>"; };
/* End PBXFileReference section */

/* Begin PBXFrameworksBuildPhase section */
		E0E7C63C25CA9A09008079C1 /* Frameworks */ = {
			isa = PBXFrameworksBuildPhase;
			buildActionMask = 2147483647;
			files = (
			);
			runOnlyForDeploymentPostprocessing = 0;
		};
		E0E7C65225CA9A0B008079C1 /* Frameworks */ = {
			isa = PBXFrameworksBuildPhase;
			buildActionMask = 2147483647;
			files = (
			);
			runOnlyForDeploymentPostprocessing = 0;
		};
		E0E7C65D25CA9A0B008079C1 /* Frameworks */ = {
			isa = PBXFrameworksBuildPhase;
			buildActionMask = 2147483647;
			files = (
			);
			runOnlyForDeploymentPostprocessing = 0;
		};
/* End PBXFrameworksBuildPhase section */

/* Begin PBXGroup section */
		0C20F83B25CEE35800BC7CEF /* Source */ = {
			isa = PBXGroup;
			children = (
				0C20F83C25CEE35800BC7CEF /* PINOperationQueue.h */,
				0C20F83D25CEE35800BC7CEF /* PINOperation.h */,
				0C20F83E25CEE35800BC7CEF /* PINOperationGroup.h */,
				0C20F83F25CEE35800BC7CEF /* PINOperationQueue.m */,
				0C20F84025CEE35800BC7CEF /* PINOperationMacros.h */,
				0C20F84125CEE35800BC7CEF /* PINOperationGroup.m */,
				0C20F84325CEE35800BC7CEF /* PINOperationTypes.h */,
			);
			path = Source;
			sourceTree = "<group>";
		};
		E0E7C63625CA9A09008079C1 = {
			isa = PBXGroup;
			children = (
				E0E7C67525CA9A14008079C1 /* MMCache */,
				E0E7C64125CA9A09008079C1 /* MMCacheExample */,
				E0E7C65825CA9A0B008079C1 /* MMCacheExampleTests */,
				E0E7C66325CA9A0B008079C1 /* MMCacheExampleUITests */,
				E0E7C64025CA9A09008079C1 /* Products */,
			);
			sourceTree = "<group>";
		};
		E0E7C64025CA9A09008079C1 /* Products */ = {
			isa = PBXGroup;
			children = (
				E0E7C63F25CA9A09008079C1 /* MMCacheExample.app */,
				E0E7C65525CA9A0B008079C1 /* MMCacheExampleTests.xctest */,
				E0E7C66025CA9A0B008079C1 /* MMCacheExampleUITests.xctest */,
			);
			name = Products;
			sourceTree = "<group>";
		};
		E0E7C64125CA9A09008079C1 /* MMCacheExample */ = {
			isa = PBXGroup;
			children = (
				0C20F83B25CEE35800BC7CEF /* Source */,
				E0E7C94A25CEA1FE008079C1 /* Source2 */,
				E0E7C90B25CE6D5F008079C1 /* Protected.swift */,
				E0E7C64225CA9A09008079C1 /* AppDelegate.swift */,
				E0E7C64425CA9A09008079C1 /* SceneDelegate.swift */,
				E0E7C64625CA9A09008079C1 /* ViewController.swift */,
				E0E7C94025CE8A88008079C1 /* RunWrapper.swift */,
				E0E7C94525CE8B8E008079C1 /* Person.swift */,
				E0E7C64825CA9A09008079C1 /* Main.storyboard */,
				E0E7C64B25CA9A0B008079C1 /* Assets.xcassets */,
				E0E7C64D25CA9A0B008079C1 /* LaunchScreen.storyboard */,
				E0E7C65025CA9A0B008079C1 /* Info.plist */,
				E0E7C97725CEA273008079C1 /* MeMoryCacheTest.swift */,
				E0E7C98725CEA3D3008079C1 /* MMCacheExample-Bridging-Header.h */,
			);
			path = MMCacheExample;
			sourceTree = "<group>";
		};
		E0E7C65825CA9A0B008079C1 /* MMCacheExampleTests */ = {
			isa = PBXGroup;
			children = (
				E0E7C65925CA9A0B008079C1 /* MMCacheExampleTests.swift */,
				E0E7C65B25CA9A0B008079C1 /* Info.plist */,
			);
			path = MMCacheExampleTests;
			sourceTree = "<group>";
		};
		E0E7C66325CA9A0B008079C1 /* MMCacheExampleUITests */ = {
			isa = PBXGroup;
			children = (
				E0E7C66425CA9A0B008079C1 /* MMCacheExampleUITests.swift */,
				E0E7C66625CA9A0B008079C1 /* Info.plist */,
			);
			path = MMCacheExampleUITests;
			sourceTree = "<group>";
		};
		E0E7C67525CA9A14008079C1 /* MMCache */ = {
			isa = PBXGroup;
			children = (
				E0E7C67925CA9A29008079C1 /* MMDiskCache.swift */,
				E0E7C68125CA9A83008079C1 /* MMMemoryCache.swift */,
			);
			path = MMCache;
			sourceTree = "<group>";
		};
		E0E7C94A25CEA1FE008079C1 /* Source2 */ = {
			isa = PBXGroup;
			children = (
				E0E7C95025CEA1FE008079C1 /* PINCacheMacros.h */,
				E0E7C94D25CEA1FE008079C1 /* PINCacheObjectSubscripting.h */,
				E0E7C94E25CEA1FE008079C1 /* PINCaching.h */,
				E0E7C95125CEA1FE008079C1 /* PINCache.h */,
				E0E7C94C25CEA1FE008079C1 /* PINCache.m */,
				E0E7C94B25CEA1FE008079C1 /* PINDiskCache.h */,
				E0E7C95225CEA1FE008079C1 /* PINDiskCache.m */,
				E0E7C95425CEA1FE008079C1 /* PINMemoryCache.h */,
				E0E7C94F25CEA1FE008079C1 /* PINMemoryCache.m */,
				0C20F83325CEE31C00BC7CEF /* RELEASE.md */,
			);
			path = Source2;
			sourceTree = "<group>";
		};
/* End PBXGroup section */

/* Begin PBXNativeTarget section */
		E0E7C63E25CA9A09008079C1 /* MMCacheExample */ = {
			isa = PBXNativeTarget;
			buildConfigurationList = E0E7C66925CA9A0B008079C1 /* Build configuration list for PBXNativeTarget "MMCacheExample" */;
			buildPhases = (
				E0E7C63B25CA9A09008079C1 /* Sources */,
				E0E7C63C25CA9A09008079C1 /* Frameworks */,
				E0E7C63D25CA9A09008079C1 /* Resources */,
			);
			buildRules = (
			);
			dependencies = (
			);
			name = MMCacheExample;
			productName = MMCacheExample;
			productReference = E0E7C63F25CA9A09008079C1 /* MMCacheExample.app */;
			productType = "com.apple.product-type.application";
		};
		E0E7C65425CA9A0B008079C1 /* MMCacheExampleTests */ = {
			isa = PBXNativeTarget;
			buildConfigurationList = E0E7C66C25CA9A0B008079C1 /* Build configuration list for PBXNativeTarget "MMCacheExampleTests" */;
			buildPhases = (
				E0E7C65125CA9A0B008079C1 /* Sources */,
				E0E7C65225CA9A0B008079C1 /* Frameworks */,
				E0E7C65325CA9A0B008079C1 /* Resources */,
			);
			buildRules = (
			);
			dependencies = (
				E0E7C65725CA9A0B008079C1 /* PBXTargetDependency */,
			);
			name = MMCacheExampleTests;
			productName = MMCacheExampleTests;
			productReference = E0E7C65525CA9A0B008079C1 /* MMCacheExampleTests.xctest */;
			productType = "com.apple.product-type.bundle.unit-test";
		};
		E0E7C65F25CA9A0B008079C1 /* MMCacheExampleUITests */ = {
			isa = PBXNativeTarget;
			buildConfigurationList = E0E7C66F25CA9A0B008079C1 /* Build configuration list for PBXNativeTarget "MMCacheExampleUITests" */;
			buildPhases = (
				E0E7C65C25CA9A0B008079C1 /* Sources */,
				E0E7C65D25CA9A0B008079C1 /* Frameworks */,
				E0E7C65E25CA9A0B008079C1 /* Resources */,
			);
			buildRules = (
			);
			dependencies = (
				E0E7C66225CA9A0B008079C1 /* PBXTargetDependency */,
			);
			name = MMCacheExampleUITests;
			productName = MMCacheExampleUITests;
			productReference = E0E7C66025CA9A0B008079C1 /* MMCacheExampleUITests.xctest */;
			productType = "com.apple.product-type.bundle.ui-testing";
		};
/* End PBXNativeTarget section */

/* Begin PBXProject section */
		E0E7C63725CA9A09008079C1 /* Project object */ = {
			isa = PBXProject;
			attributes = {
				LastSwiftUpdateCheck = 1240;
				LastUpgradeCheck = 1240;
				TargetAttributes = {
					E0E7C63E25CA9A09008079C1 = {
						CreatedOnToolsVersion = 12.4;
					};
					E0E7C65425CA9A0B008079C1 = {
						CreatedOnToolsVersion = 12.4;
						TestTargetID = E0E7C63E25CA9A09008079C1;
					};
					E0E7C65F25CA9A0B008079C1 = {
						CreatedOnToolsVersion = 12.4;
						TestTargetID = E0E7C63E25CA9A09008079C1;
					};
				};
			};
			buildConfigurationList = E0E7C63A25CA9A09008079C1 /* Build configuration list for PBXProject "MMCacheExample" */;
			compatibilityVersion = "Xcode 9.3";
			developmentRegion = en;
			hasScannedForEncodings = 0;
			knownRegions = (
				en,
				Base,
			);
			mainGroup = E0E7C63625CA9A09008079C1;
			productRefGroup = E0E7C64025CA9A09008079C1 /* Products */;
			projectDirPath = "";
			projectRoot = "";
			targets = (
				E0E7C63E25CA9A09008079C1 /* MMCacheExample */,
				E0E7C65425CA9A0B008079C1 /* MMCacheExampleTests */,
				E0E7C65F25CA9A0B008079C1 /* MMCacheExampleUITests */,
			);
		};
/* End PBXProject section */

/* Begin PBXResourcesBuildPhase section */
		E0E7C63D25CA9A09008079C1 /* Resources */ = {
			isa = PBXResourcesBuildPhase;
			buildActionMask = 2147483647;
			files = (
				E0E7C64F25CA9A0B008079C1 /* LaunchScreen.storyboard in Resources */,
				E0E7C64C25CA9A0B008079C1 /* Assets.xcassets in Resources */,
				0C20F83425CEE31C00BC7CEF /* RELEASE.md in Resources */,
				E0E7C64A25CA9A09008079C1 /* Main.storyboard in Resources */,
			);
			runOnlyForDeploymentPostprocessing = 0;
		};
		E0E7C65325CA9A0B008079C1 /* Resources */ = {
			isa = PBXResourcesBuildPhase;
			buildActionMask = 2147483647;
			files = (
			);
			runOnlyForDeploymentPostprocessing = 0;
		};
		E0E7C65E25CA9A0B008079C1 /* Resources */ = {
			isa = PBXResourcesBuildPhase;
			buildActionMask = 2147483647;
			files = (
			);
			runOnlyForDeploymentPostprocessing = 0;
		};
/* End PBXResourcesBuildPhase section */

/* Begin PBXSourcesBuildPhase section */
		E0E7C63B25CA9A09008079C1 /* Sources */ = {
			isa = PBXSourcesBuildPhase;
			buildActionMask = 2147483647;
			files = (
				E0E7C94125CE8A88008079C1 /* RunWrapper.swift in Sources */,
				E0E7C95525CEA1FE008079C1 /* PINCache.m in Sources */,
				E0E7C64725CA9A09008079C1 /* ViewController.swift in Sources */,
				0C20F84525CEE35800BC7CEF /* PINOperationGroup.m in Sources */,
				E0E7C95625CEA1FE008079C1 /* PINMemoryCache.m in Sources */,
				E0E7C67A25CA9A29008079C1 /* MMDiskCache.swift in Sources */,
				E0E7C90C25CE6D5F008079C1 /* Protected.swift in Sources */,
				E0E7C95725CEA1FE008079C1 /* PINDiskCache.m in Sources */,
				E0E7C64325CA9A09008079C1 /* AppDelegate.swift in Sources */,
				E0E7C64525CA9A09008079C1 /* SceneDelegate.swift in Sources */,
				E0E7C97825CEA273008079C1 /* MeMoryCacheTest.swift in Sources */,
				0C20F84425CEE35800BC7CEF /* PINOperationQueue.m in Sources */,
				E0E7C94625CE8B8E008079C1 /* Person.swift in Sources */,
				E0E7C68225CA9A83008079C1 /* MMMemoryCache.swift in Sources */,
			);
			runOnlyForDeploymentPostprocessing = 0;
		};
		E0E7C65125CA9A0B008079C1 /* Sources */ = {
			isa = PBXSourcesBuildPhase;
			buildActionMask = 2147483647;
			files = (
				E0E7C65A25CA9A0B008079C1 /* MMCacheExampleTests.swift in Sources */,
			);
			runOnlyForDeploymentPostprocessing = 0;
		};
		E0E7C65C25CA9A0B008079C1 /* Sources */ = {
			isa = PBXSourcesBuildPhase;
			buildActionMask = 2147483647;
			files = (
				E0E7C66525CA9A0B008079C1 /* MMCacheExampleUITests.swift in Sources */,
			);
			runOnlyForDeploymentPostprocessing = 0;
		};
/* End PBXSourcesBuildPhase section */

/* Begin PBXTargetDependency section */
		E0E7C65725CA9A0B008079C1 /* PBXTargetDependency */ = {
			isa = PBXTargetDependency;
			target = E0E7C63E25CA9A09008079C1 /* MMCacheExample */;
			targetProxy = E0E7C65625CA9A0B008079C1 /* PBXContainerItemProxy */;
		};
		E0E7C66225CA9A0B008079C1 /* PBXTargetDependency */ = {
			isa = PBXTargetDependency;
			target = E0E7C63E25CA9A09008079C1 /* MMCacheExample */;
			targetProxy = E0E7C66125CA9A0B008079C1 /* PBXContainerItemProxy */;
		};
/* End PBXTargetDependency section */

/* Begin PBXVariantGroup section */
		E0E7C64825CA9A09008079C1 /* Main.storyboard */ = {
			isa = PBXVariantGroup;
			children = (
				E0E7C64925CA9A09008079C1 /* Base */,
			);
			name = Main.storyboard;
			sourceTree = "<group>";
		};
		E0E7C64D25CA9A0B008079C1 /* LaunchScreen.storyboard */ = {
			isa = PBXVariantGroup;
			children = (
				E0E7C64E25CA9A0B008079C1 /* Base */,
			);
			name = LaunchScreen.storyboard;
			sourceTree = "<group>";
		};
/* End PBXVariantGroup section */

/* Begin XCBuildConfiguration section */
		E0E7C66725CA9A0B008079C1 /* Debug */ = {
			isa = XCBuildConfiguration;
			buildSettings = {
				ALWAYS_SEARCH_USER_PATHS = NO;
				CLANG_ANALYZER_NONNULL = YES;
				CLANG_ANALYZER_NUMBER_OBJECT_CONVERSION = YES_AGGRESSIVE;
				CLANG_CXX_LANGUAGE_STANDARD = "gnu++14";
				CLANG_CXX_LIBRARY = "libc++";
				CLANG_ENABLE_MODULES = YES;
				CLANG_ENABLE_OBJC_ARC = YES;
				CLANG_ENABLE_OBJC_WEAK = YES;
				CLANG_WARN_BLOCK_CAPTURE_AUTORELEASING = YES;
				CLANG_WARN_BOOL_CONVERSION = YES;
				CLANG_WARN_COMMA = YES;
				CLANG_WARN_CONSTANT_CONVERSION = YES;
				CLANG_WARN_DEPRECATED_OBJC_IMPLEMENTATIONS = YES;
				CLANG_WARN_DIRECT_OBJC_ISA_USAGE = YES_ERROR;
				CLANG_WARN_DOCUMENTATION_COMMENTS = YES;
				CLANG_WARN_EMPTY_BODY = YES;
				CLANG_WARN_ENUM_CONVERSION = YES;
				CLANG_WARN_INFINITE_RECURSION = YES;
				CLANG_WARN_INT_CONVERSION = YES;
				CLANG_WARN_NON_LITERAL_NULL_CONVERSION = YES;
				CLANG_WARN_OBJC_IMPLICIT_RETAIN_SELF = YES;
				CLANG_WARN_OBJC_LITERAL_CONVERSION = YES;
				CLANG_WARN_OBJC_ROOT_CLASS = YES_ERROR;
				CLANG_WARN_QUOTED_INCLUDE_IN_FRAMEWORK_HEADER = YES;
				CLANG_WARN_RANGE_LOOP_ANALYSIS = YES;
				CLANG_WARN_STRICT_PROTOTYPES = YES;
				CLANG_WARN_SUSPICIOUS_MOVE = YES;
				CLANG_WARN_UNGUARDED_AVAILABILITY = YES_AGGRESSIVE;
				CLANG_WARN_UNREACHABLE_CODE = YES;
				CLANG_WARN__DUPLICATE_METHOD_MATCH = YES;
				COPY_PHASE_STRIP = NO;
				DEBUG_INFORMATION_FORMAT = dwarf;
				ENABLE_STRICT_OBJC_MSGSEND = YES;
				ENABLE_TESTABILITY = YES;
				GCC_C_LANGUAGE_STANDARD = gnu11;
				GCC_DYNAMIC_NO_PIC = NO;
				GCC_NO_COMMON_BLOCKS = YES;
				GCC_OPTIMIZATION_LEVEL = 0;
				GCC_PREPROCESSOR_DEFINITIONS = (
					"DEBUG=1",
					"$(inherited)",
				);
				GCC_WARN_64_TO_32_BIT_CONVERSION = YES;
				GCC_WARN_ABOUT_RETURN_TYPE = YES_ERROR;
				GCC_WARN_UNDECLARED_SELECTOR = YES;
				GCC_WARN_UNINITIALIZED_AUTOS = YES_AGGRESSIVE;
				GCC_WARN_UNUSED_FUNCTION = YES;
				GCC_WARN_UNUSED_VARIABLE = YES;
				IPHONEOS_DEPLOYMENT_TARGET = 14.4;
				MTL_ENABLE_DEBUG_INFO = INCLUDE_SOURCE;
				MTL_FAST_MATH = YES;
				ONLY_ACTIVE_ARCH = YES;
				SDKROOT = iphoneos;
				SWIFT_ACTIVE_COMPILATION_CONDITIONS = DEBUG;
				SWIFT_OPTIMIZATION_LEVEL = "-Onone";
			};
			name = Debug;
		};
		E0E7C66825CA9A0B008079C1 /* Release */ = {
			isa = XCBuildConfiguration;
			buildSettings = {
				ALWAYS_SEARCH_USER_PATHS = NO;
				CLANG_ANALYZER_NONNULL = YES;
				CLANG_ANALYZER_NUMBER_OBJECT_CONVERSION = YES_AGGRESSIVE;
				CLANG_CXX_LANGUAGE_STANDARD = "gnu++14";
				CLANG_CXX_LIBRARY = "libc++";
				CLANG_ENABLE_MODULES = YES;
				CLANG_ENABLE_OBJC_ARC = YES;
				CLANG_ENABLE_OBJC_WEAK = YES;
				CLANG_WARN_BLOCK_CAPTURE_AUTORELEASING = YES;
				CLANG_WARN_BOOL_CONVERSION = YES;
				CLANG_WARN_COMMA = YES;
				CLANG_WARN_CONSTANT_CONVERSION = YES;
				CLANG_WARN_DEPRECATED_OBJC_IMPLEMENTATIONS = YES;
				CLANG_WARN_DIRECT_OBJC_ISA_USAGE = YES_ERROR;
				CLANG_WARN_DOCUMENTATION_COMMENTS = YES;
				CLANG_WARN_EMPTY_BODY = YES;
				CLANG_WARN_ENUM_CONVERSION = YES;
				CLANG_WARN_INFINITE_RECURSION = YES;
				CLANG_WARN_INT_CONVERSION = YES;
				CLANG_WARN_NON_LITERAL_NULL_CONVERSION = YES;
				CLANG_WARN_OBJC_IMPLICIT_RETAIN_SELF = YES;
				CLANG_WARN_OBJC_LITERAL_CONVERSION = YES;
				CLANG_WARN_OBJC_ROOT_CLASS = YES_ERROR;
				CLANG_WARN_QUOTED_INCLUDE_IN_FRAMEWORK_HEADER = YES;
				CLANG_WARN_RANGE_LOOP_ANALYSIS = YES;
				CLANG_WARN_STRICT_PROTOTYPES = YES;
				CLANG_WARN_SUSPICIOUS_MOVE = YES;
				CLANG_WARN_UNGUARDED_AVAILABILITY = YES_AGGRESSIVE;
				CLANG_WARN_UNREACHABLE_CODE = YES;
				CLANG_WARN__DUPLICATE_METHOD_MATCH = YES;
				COPY_PHASE_STRIP = NO;
				DEBUG_INFORMATION_FORMAT = "dwarf-with-dsym";
				ENABLE_NS_ASSERTIONS = NO;
				ENABLE_STRICT_OBJC_MSGSEND = YES;
				GCC_C_LANGUAGE_STANDARD = gnu11;
				GCC_NO_COMMON_BLOCKS = YES;
				GCC_WARN_64_TO_32_BIT_CONVERSION = YES;
				GCC_WARN_ABOUT_RETURN_TYPE = YES_ERROR;
				GCC_WARN_UNDECLARED_SELECTOR = YES;
				GCC_WARN_UNINITIALIZED_AUTOS = YES_AGGRESSIVE;
				GCC_WARN_UNUSED_FUNCTION = YES;
				GCC_WARN_UNUSED_VARIABLE = YES;
				IPHONEOS_DEPLOYMENT_TARGET = 14.4;
				MTL_ENABLE_DEBUG_INFO = NO;
				MTL_FAST_MATH = YES;
				SDKROOT = iphoneos;
				SWIFT_COMPILATION_MODE = wholemodule;
				SWIFT_OPTIMIZATION_LEVEL = "-O";
				VALIDATE_PRODUCT = YES;
			};
			name = Release;
		};
		E0E7C66A25CA9A0B008079C1 /* Debug */ = {
			isa = XCBuildConfiguration;
			buildSettings = {
				ASSETCATALOG_COMPILER_APPICON_NAME = AppIcon;
				ASSETCATALOG_COMPILER_GLOBAL_ACCENT_COLOR_NAME = AccentColor;
				CODE_SIGN_STYLE = Automatic;
				DEVELOPMENT_TEAM = 65RJEBH987;
				INFOPLIST_FILE = MMCacheExample/Info.plist;
				LD_RUNPATH_SEARCH_PATHS = (
					"$(inherited)",
					"@executable_path/Frameworks",
				);
				PRODUCT_BUNDLE_IDENTIFIER = yuhui.MMCacheExample;
				PRODUCT_NAME = "$(TARGET_NAME)";
				SWIFT_OBJC_BRIDGING_HEADER = "MMCacheExample/MMCacheExample-Bridging-Header.h";
				SWIFT_VERSION = 5.0;
				TARGETED_DEVICE_FAMILY = "1,2";
			};
			name = Debug;
		};
		E0E7C66B25CA9A0B008079C1 /* Release */ = {
			isa = XCBuildConfiguration;
			buildSettings = {
				ASSETCATALOG_COMPILER_APPICON_NAME = AppIcon;
				ASSETCATALOG_COMPILER_GLOBAL_ACCENT_COLOR_NAME = AccentColor;
				CODE_SIGN_STYLE = Automatic;
				DEVELOPMENT_TEAM = 65RJEBH987;
				INFOPLIST_FILE = MMCacheExample/Info.plist;
				LD_RUNPATH_SEARCH_PATHS = (
					"$(inherited)",
					"@executable_path/Frameworks",
				);
				PRODUCT_BUNDLE_IDENTIFIER = yuhui.MMCacheExample;
				PRODUCT_NAME = "$(TARGET_NAME)";
				SWIFT_OBJC_BRIDGING_HEADER = "MMCacheExample/MMCacheExample-Bridging-Header.h";
				SWIFT_VERSION = 5.0;
				TARGETED_DEVICE_FAMILY = "1,2";
			};
			name = Release;
		};
		E0E7C66D25CA9A0B008079C1 /* Debug */ = {
			isa = XCBuildConfiguration;
			buildSettings = {
				ALWAYS_EMBED_SWIFT_STANDARD_LIBRARIES = YES;
				BUNDLE_LOADER = "$(TEST_HOST)";
				CODE_SIGN_STYLE = Automatic;
				DEVELOPMENT_TEAM = 65RJEBH987;
				INFOPLIST_FILE = MMCacheExampleTests/Info.plist;
				IPHONEOS_DEPLOYMENT_TARGET = 14.4;
				LD_RUNPATH_SEARCH_PATHS = (
					"$(inherited)",
					"@executable_path/Frameworks",
					"@loader_path/Frameworks",
				);
				PRODUCT_BUNDLE_IDENTIFIER = yuhui.MMCacheExampleTests;
				PRODUCT_NAME = "$(TARGET_NAME)";
				SWIFT_VERSION = 5.0;
				TARGETED_DEVICE_FAMILY = "1,2";
				TEST_HOST = "$(BUILT_PRODUCTS_DIR)/MMCacheExample.app/MMCacheExample";
			};
			name = Debug;
		};
		E0E7C66E25CA9A0B008079C1 /* Release */ = {
			isa = XCBuildConfiguration;
			buildSettings = {
				ALWAYS_EMBED_SWIFT_STANDARD_LIBRARIES = YES;
				BUNDLE_LOADER = "$(TEST_HOST)";
				CODE_SIGN_STYLE = Automatic;
				DEVELOPMENT_TEAM = 65RJEBH987;
				INFOPLIST_FILE = MMCacheExampleTests/Info.plist;
				IPHONEOS_DEPLOYMENT_TARGET = 14.4;
				LD_RUNPATH_SEARCH_PATHS = (
					"$(inherited)",
					"@executable_path/Frameworks",
					"@loader_path/Frameworks",
				);
				PRODUCT_BUNDLE_IDENTIFIER = yuhui.MMCacheExampleTests;
				PRODUCT_NAME = "$(TARGET_NAME)";
				SWIFT_VERSION = 5.0;
				TARGETED_DEVICE_FAMILY = "1,2";
				TEST_HOST = "$(BUILT_PRODUCTS_DIR)/MMCacheExample.app/MMCacheExample";
			};
			name = Release;
		};
		E0E7C67025CA9A0B008079C1 /* Debug */ = {
			isa = XCBuildConfiguration;
			buildSettings = {
				ALWAYS_EMBED_SWIFT_STANDARD_LIBRARIES = YES;
				CODE_SIGN_STYLE = Automatic;
				DEVELOPMENT_TEAM = 65RJEBH987;
				INFOPLIST_FILE = MMCacheExampleUITests/Info.plist;
				LD_RUNPATH_SEARCH_PATHS = (
					"$(inherited)",
					"@executable_path/Frameworks",
					"@loader_path/Frameworks",
				);
				PRODUCT_BUNDLE_IDENTIFIER = yuhui.MMCacheExampleUITests;
				PRODUCT_NAME = "$(TARGET_NAME)";
				SWIFT_VERSION = 5.0;
				TARGETED_DEVICE_FAMILY = "1,2";
				TEST_TARGET_NAME = MMCacheExample;
			};
			name = Debug;
		};
		E0E7C67125CA9A0B008079C1 /* Release */ = {
			isa = XCBuildConfiguration;
			buildSettings = {
				ALWAYS_EMBED_SWIFT_STANDARD_LIBRARIES = YES;
				CODE_SIGN_STYLE = Automatic;
				DEVELOPMENT_TEAM = 65RJEBH987;
				INFOPLIST_FILE = MMCacheExampleUITests/Info.plist;
				LD_RUNPATH_SEARCH_PATHS = (
					"$(inherited)",
					"@executable_path/Frameworks",
					"@loader_path/Frameworks",
				);
				PRODUCT_BUNDLE_IDENTIFIER = yuhui.MMCacheExampleUITests;
				PRODUCT_NAME = "$(TARGET_NAME)";
				SWIFT_VERSION = 5.0;
				TARGETED_DEVICE_FAMILY = "1,2";
				TEST_TARGET_NAME = MMCacheExample;
			};
			name = Release;
		};
/* End XCBuildConfiguration section */

/* Begin XCConfigurationList section */
		E0E7C63A25CA9A09008079C1 /* Build configuration list for PBXProject "MMCacheExample" */ = {
			isa = XCConfigurationList;
			buildConfigurations = (
				E0E7C66725CA9A0B008079C1 /* Debug */,
				E0E7C66825CA9A0B008079C1 /* Release */,
			);
			defaultConfigurationIsVisible = 0;
			defaultConfigurationName = Release;
		};
		E0E7C66925CA9A0B008079C1 /* Build configuration list for PBXNativeTarget "MMCacheExample" */ = {
			isa = XCConfigurationList;
			buildConfigurations = (
				E0E7C66A25CA9A0B008079C1 /* Debug */,
				E0E7C66B25CA9A0B008079C1 /* Release */,
			);
			defaultConfigurationIsVisible = 0;
			defaultConfigurationName = Release;
		};
		E0E7C66C25CA9A0B008079C1 /* Build configuration list for PBXNativeTarget "MMCacheExampleTests" */ = {
			isa = XCConfigurationList;
			buildConfigurations = (
				E0E7C66D25CA9A0B008079C1 /* Debug */,
				E0E7C66E25CA9A0B008079C1 /* Release */,
			);
			defaultConfigurationIsVisible = 0;
			defaultConfigurationName = Release;
		};
		E0E7C66F25CA9A0B008079C1 /* Build configuration list for PBXNativeTarget "MMCacheExampleUITests" */ = {
			isa = XCConfigurationList;
			buildConfigurations = (
				E0E7C67025CA9A0B008079C1 /* Debug */,
				E0E7C67125CA9A0B008079C1 /* Release */,
			);
			defaultConfigurationIsVisible = 0;
			defaultConfigurationName = Release;
		};
/* End XCConfigurationList section */
	};
	rootObject = E0E7C63725CA9A09008079C1 /* Project object */;
}
